// !$*UTF8*$!
{
	archiveVersion = 1;
	classes = {
	};
	objectVersion = 46;
	objects = {

/* Begin PBXBuildFile section */
		8C489A191D5E20FF00A9DDEE /* AppDelegate.swift in Sources */ = {isa = PBXBuildFile; fileRef = 8C489A181D5E20FF00A9DDEE /* AppDelegate.swift */; };
		8C489A1B1D5E20FF00A9DDEE /* ViewController.swift in Sources */ = {isa = PBXBuildFile; fileRef = 8C489A1A1D5E20FF00A9DDEE /* ViewController.swift */; };
		8C489A1E1D5E20FF00A9DDEE /* Main.storyboard in Resources */ = {isa = PBXBuildFile; fileRef = 8C489A1C1D5E20FF00A9DDEE /* Main.storyboard */; };
		8C489A201D5E20FF00A9DDEE /* Assets.xcassets in Resources */ = {isa = PBXBuildFile; fileRef = 8C489A1F1D5E20FF00A9DDEE /* Assets.xcassets */; };
		8C489A231D5E20FF00A9DDEE /* LaunchScreen.storyboard in Resources */ = {isa = PBXBuildFile; fileRef = 8C489A211D5E20FF00A9DDEE /* LaunchScreen.storyboard */; };
		8C489A2B1D5E211A00A9DDEE /* SpriteKit.framework in Frameworks */ = {isa = PBXBuildFile; fileRef = 8C489A2A1D5E211A00A9DDEE /* SpriteKit.framework */; };
		8C489A2D1D60BC9E00A9DDEE /* GameScene.swift in Sources */ = {isa = PBXBuildFile; fileRef = 8C489A2C1D60BC9E00A9DDEE /* GameScene.swift */; };
		E010DC651D616926005CDA5D /* item.mp3 in Resources */ = {isa = PBXBuildFile; fileRef = E010DC641D616926005CDA5D /* item.mp3 */; };
/* End PBXBuildFile section */

/* Begin PBXFileReference section */
		8C489A151D5E20FF00A9DDEE /* FlappyBird.app */ = {isa = PBXFileReference; explicitFileType = wrapper.application; includeInIndex = 0; path = FlappyBird.app; sourceTree = BUILT_PRODUCTS_DIR; };
		8C489A181D5E20FF00A9DDEE /* AppDelegate.swift */ = {isa = PBXFileReference; lastKnownFileType = sourcecode.swift; path = AppDelegate.swift; sourceTree = "<group>"; };
		8C489A1A1D5E20FF00A9DDEE /* ViewController.swift */ = {isa = PBXFileReference; lastKnownFileType = sourcecode.swift; path = ViewController.swift; sourceTree = "<group>"; };
		8C489A1D1D5E20FF00A9DDEE /* Base */ = {isa = PBXFileReference; lastKnownFileType = file.storyboard; name = Base; path = Base.lproj/Main.storyboard; sourceTree = "<group>"; };
		8C489A1F1D5E20FF00A9DDEE /* Assets.xcassets */ = {isa = PBXFileReference; lastKnownFileType = folder.assetcatalog; path = Assets.xcassets; sourceTree = "<group>"; };
		8C489A221D5E20FF00A9DDEE /* Base */ = {isa = PBXFileReference; lastKnownFileType = file.storyboard; name = Base; path = Base.lproj/LaunchScreen.storyboard; sourceTree = "<group>"; };
		8C489A241D5E20FF00A9DDEE /* Info.plist */ = {isa = PBXFileReference; lastKnownFileType = text.plist.xml; path = Info.plist; sourceTree = "<group>"; };
		8C489A2A1D5E211A00A9DDEE /* SpriteKit.framework */ = {isa = PBXFileReference; lastKnownFileType = wrapper.framework; name = SpriteKit.framework; path = System/Library/Frameworks/SpriteKit.framework; sourceTree = SDKROOT; };
		8C489A2C1D60BC9E00A9DDEE /* GameScene.swift */ = {isa = PBXFileReference; fileEncoding = 4; lastKnownFileType = sourcecode.swift; path = GameScene.swift; sourceTree = "<group>"; };
		E010DC641D616926005CDA5D /* item.mp3 */ = {isa = PBXFileReference; lastKnownFileType = audio.mp3; path = item.mp3; sourceTree = "<group>"; };
/* End PBXFileReference section */

/* Begin PBXFrameworksBuildPhase section */
		8C489A121D5E20FF00A9DDEE /* Frameworks */ = {
			isa = PBXFrameworksBuildPhase;
			buildActionMask = 2147483647;
			files = (
				8C489A2B1D5E211A00A9DDEE /* SpriteKit.framework in Frameworks */,
			);
			runOnlyForDeploymentPostprocessing = 0;
		};
/* End PBXFrameworksBuildPhase section */

/* Begin PBXGroup section */
		8C489A0C1D5E20FF00A9DDEE = {
			isa = PBXGroup;
			children = (
				8C489A2A1D5E211A00A9DDEE /* SpriteKit.framework */,
				8C489A171D5E20FF00A9DDEE /* FlappyBird */,
				8C489A161D5E20FF00A9DDEE /* Products */,
			);
			sourceTree = "<group>";
		};
		8C489A161D5E20FF00A9DDEE /* Products */ = {
			isa = PBXGroup;
			children = (
				8C489A151D5E20FF00A9DDEE /* FlappyBird.app */,
			);
			name = Products;
			sourceTree = "<group>";
		};
		8C489A171D5E20FF00A9DDEE /* FlappyBird */ = {
			isa = PBXGroup;
			children = (
				8C489A181D5E20FF00A9DDEE /* AppDelegate.swift */,
				8C489A1A1D5E20FF00A9DDEE /* ViewController.swift */,
				8C489A2C1D60BC9E00A9DDEE /* GameScene.swift */,
				8C489A1C1D5E20FF00A9DDEE /* Main.storyboard */,
				8C489A1F1D5E20FF00A9DDEE /* Assets.xcassets */,
				8C489A211D5E20FF00A9DDEE /* LaunchScreen.storyboard */,
				E010DC641D616926005CDA5D /* item.mp3 */,
				8C489A241D5E20FF00A9DDEE /* Info.plist */,
			);
			path = FlappyBird;
			sourceTree = "<group>";
		};
/* End PBXGroup section */

/* Begin PBXNativeTarget section */
		8C489A141D5E20FF00A9DDEE /* FlappyBird */ = {
			isa = PBXNativeTarget;
			buildConfigurationList = 8C489A271D5E20FF00A9DDEE /* Build configuration list for PBXNativeTarget "FlappyBird" */;
			buildPhases = (
				8C489A111D5E20FF00A9DDEE /* Sources */,
				8C489A121D5E20FF00A9DDEE /* Frameworks */,
				8C489A131D5E20FF00A9DDEE /* Resources */,
			);
			buildRules = (
			);
			dependencies = (
			);
			name = FlappyBird;
			productName = FlappyBird;
			productReference = 8C489A151D5E20FF00A9DDEE /* FlappyBird.app */;
			productType = "com.apple.product-type.application";
		};
/* End PBXNativeTarget section */

/* Begin PBXProject section */
		8C489A0D1D5E20FF00A9DDEE /* Project object */ = {
			isa = PBXProject;
			attributes = {
				LastSwiftUpdateCheck = 0730;
				LastUpgradeCheck = 0730;
				ORGANIZATIONNAME = kenic;
				TargetAttributes = {
					8C489A141D5E20FF00A9DDEE = {
						CreatedOnToolsVersion = 7.3.1;
						DevelopmentTeam = 92KC59USX5;
					};
				};
			};
			buildConfigurationList = 8C489A101D5E20FF00A9DDEE /* Build configuration list for PBXProject "FlappyBird" */;
			compatibilityVersion = "Xcode 3.2";
			developmentRegion = English;
			hasScannedForEncodings = 0;
			knownRegions = (
				en,
				Base,
			);
			mainGroup = 8C489A0C1D5E20FF00A9DDEE;
			productRefGroup = 8C489A161D5E20FF00A9DDEE /* Products */;
			projectDirPath = "";
			projectRoot = "";
			targets = (
				8C489A141D5E20FF00A9DDEE /* FlappyBird */,
			);
		};
/* End PBXProject section */

/* Begin PBXResourcesBuildPhase section */
		8C489A131D5E20FF00A9DDEE /* Resources */ = {
			isa = PBXResourcesBuildPhase;
			buildActionMask = 2147483647;
			files = (
				8C489A231D5E20FF00A9DDEE /* LaunchScreen.storyboard in Resources */,
				E010DC651D616926005CDA5D /* item.mp3 in Resources */,
				8C489A201D5E20FF00A9DDEE /* Assets.xcassets in Resources */,
				8C489A1E1D5E20FF00A9DDEE /* Main.storyboard in Resources */,
			);
			runOnlyForDeploymentPostprocessing = 0;
		};
/* End PBXResourcesBuildPhase section */

/* Begin PBXSourcesBuildPhase section */
		8C489A111D5E20FF00A9DDEE /* Sources */ = {
			isa = PBXSourcesBuildPhase;
			buildActionMask = 2147483647;
			files = (
				8C489A2D1D60BC9E00A9DDEE /* GameScene.swift in Sources */,
				8C489A1B1D5E20FF00A9DDEE /* ViewController.swift in Sources */,
				8C489A191D5E20FF00A9DDEE /* AppDelegate.swift in Sources */,
			);
			runOnlyForDeploymentPostprocessing = 0;
		};
/* End PBXSourcesBuildPhase section */

/* Begin PBXVariantGroup section */
		8C489A1C1D5E20FF00A9DDEE /* Main.storyboard */ = {
			isa = PBXVariantGroup;
			children = (
				8C489A1D1D5E20FF00A9DDEE /* Base */,
			);
			name = Main.storyboard;
			sourceTree = "<group>";
		};
		8C489A211D5E20FF00A9DDEE /* LaunchScreen.storyboard */ = {
			isa = PBXVariantGroup;
			children = (
				8C489A221D5E20FF00A9DDEE /* Base */,
			);
			name = LaunchScreen.storyboard;
			sourceTree = "<group>";
		};
/* End PBXVariantGroup section */

/* Begin XCBuildConfiguration section */
		8C489A251D5E20FF00A9DDEE /* Debug */ = {
			isa = XCBuildConfiguration;
			buildSettings = {
				ALWAYS_SEARCH_USER_PATHS = NO;
				CLANG_ANALYZER_NONNULL = YES;
				CLANG_CXX_LANGUAGE_STANDARD = "gnu++0x";
				CLANG_CXX_LIBRARY = "libc++";
				CLANG_ENABLE_MODULES = YES;
				CLANG_ENABLE_OBJC_ARC = YES;
				CLANG_WARN_BOOL_CONVERSION = YES;
				CLANG_WARN_CONSTANT_CONVERSION = YES;
				CLANG_WARN_DIRECT_OBJC_ISA_USAGE = YES_ERROR;
				CLANG_WARN_EMPTY_BODY = YES;
				CLANG_WARN_ENUM_CONVERSION = YES;
				CLANG_WARN_INT_CONVERSION = YES;
				CLANG_WARN_OBJC_ROOT_CLASS = YES_ERROR;
				CLANG_WARN_UNREACHABLE_CODE = YES;
				CLANG_WARN__DUPLICATE_METHOD_MATCH = YES;
				"CODE_SIGN_IDENTITY[sdk=iphoneos*]" = "iPhone Developer";
				COPY_PHASE_STRIP = NO;
				DEBUG_INFORMATION_FORMAT = dwarf;
				ENABLE_STRICT_OBJC_MSGSEND = YES;
				ENABLE_TESTABILITY = YES;
				GCC_C_LANGUAGE_STANDARD = gnu99;
				GCC_DYNAMIC_NO_PIC = NO;
				GCC_NO_COMMON_BLOCKS = YES;
				GCC_OPTIMIZATION_LEVEL = 0;
				GCC_PREPROCESSOR_DEFINITIONS = (
					"DEBUG=1",
					"$(inherited)",
				);
				GCC_WARN_64_TO_32_BIT_CONVERSION = YES;
				GCC_WARN_ABOUT_RETURN_TYPE = YES_ERROR;
				GCC_WARN_UNDECLARED_SELECTOR = YES;
				GCC_WARN_UNINITIALIZED_AUTOS = YES_AGGRESSIVE;
				GCC_WARN_UNUSED_FUNCTION = YES;
				GCC_WARN_UNUSED_VARIABLE = YES;
				IPHONEOS_DEPLOYMENT_TARGET = 9.3;
				MTL_ENABLE_DEBUG_INFO = YES;
				ONLY_ACTIVE_ARCH = YES;
				SDKROOT = iphoneos;
				SWIFT_OPTIMIZATION_LEVEL = "-Onone";
			};
			name = Debug;
		};
		8C489A261D5E20FF00A9DDEE /* Release */ = {
			isa = XCBuildConfiguration;
			buildSettings = {
				ALWAYS_SEARCH_USER_PATHS = NO;
				CLANG_ANALYZER_NONNULL = YES;
				CLANG_CXX_LANGUAGE_STANDARD = "gnu++0x";
				CLANG_CXX_LIBRARY = "libc++";
				CLANG_ENABLE_MODULES = YES;
				CLANG_ENABLE_OBJC_ARC = YES;
				CLANG_WARN_BOOL_CONVERSION = YES;
				CLANG_WARN_CONSTANT_CONVERSION = YES;
				CLANG_WARN_DIRECT_OBJC_ISA_USAGE = YES_ERROR;
				CLANG_WARN_EMPTY_BODY = YES;
				CLANG_WARN_ENUM_CONVERSION = YES;
				CLANG_WARN_INT_CONVERSION = YES;
				CLANG_WARN_OBJC_ROOT_CLASS = YES_ERROR;
				CLANG_WARN_UNREACHABLE_CODE = YES;
				CLANG_WARN__DUPLICATE_METHOD_MATCH = YES;
				"CODE_SIGN_IDENTITY[sdk=iphoneos*]" = "iPhone Developer";
				COPY_PHASE_STRIP = NO;
				DEBUG_INFORMATION_FORMAT = "dwarf-with-dsym";
				ENABLE_NS_ASSERTIONS = NO;
				ENABLE_STRICT_OBJC_MSGSEND = YES;
				GCC_C_LANGUAGE_STANDARD = gnu99;
				GCC_NO_COMMON_BLOCKS = YES;
				GCC_WARN_64_TO_32_BIT_CONVERSION = YES;
				GCC_WARN_ABOUT_RETURN_TYPE = YES_ERROR;
				GCC_WARN_UNDECLARED_SELECTOR = YES;
				GCC_WARN_UNINITIALIZED_AUTOS = YES_AGGRESSIVE;
				GCC_WARN_UNUSED_FUNCTION = YES;
				GCC_WARN_UNUSED_VARIABLE = YES;
				IPHONEOS_DEPLOYMENT_TARGET = 9.3;
				MTL_ENABLE_DEBUG_INFO = NO;
				SDKROOT = iphoneos;
				VALIDATE_PRODUCT = YES;
			};
			name = Release;
		};
		8C489A281D5E20FF00A9DDEE /* Debug */ = {
			isa = XCBuildConfiguration;
			buildSettings = {
				ASSETCATALOG_COMPILER_APPICON_NAME = AppIcon;
				CODE_SIGN_IDENTITY = "iPhone Developer";
				"CODE_SIGN_IDENTITY[sdk=iphoneos*]" = "iPhone Developer";
				INFOPLIST_FILE = FlappyBird/Info.plist;
				LD_RUNPATH_SEARCH_PATHS = "$(inherited) @executable_path/Frameworks";
				PRODUCT_BUNDLE_IDENTIFIER = jp.techacademy.kenichi.nakahara.FlappyBird;
				PRODUCT_NAME = "$(TARGET_NAME)";
				PROVISIONING_PROFILE = "";
			};
			name = Debug;
		};
		8C489A291D5E20FF00A9DDEE /* Release */ = {
			isa = XCBuildConfiguration;
			buildSettings = {
				ASSETCATALOG_COMPILER_APPICON_NAME = AppIcon;
				CODE_SIGN_IDENTITY = "iPhone Developer";
				"CODE_SIGN_IDENTITY[sdk=iphoneos*]" = "iPhone Developer";
				INFOPLIST_FILE = FlappyBird/Info.plist;
				LD_RUNPATH_SEARCH_PATHS = "$(inherited) @executable_path/Frameworks";
				PRODUCT_BUNDLE_IDENTIFIER = jp.techacademy.kenichi.nakahara.FlappyBird;
				PRODUCT_NAME = "$(TARGET_NAME)";
				PROVISIONING_PROFILE = "";
			};
			name = Release;
		};
/* End XCBuildConfiguration section */

/* Begin XCConfigurationList section */
		8C489A101D5E20FF00A9DDEE /* Build configuration list for PBXProject "FlappyBird" */ = {
			isa = XCConfigurationList;
			buildConfigurations = (
				8C489A251D5E20FF00A9DDEE /* Debug */,
				8C489A261D5E20FF00A9DDEE /* Release */,
			);
			defaultConfigurationIsVisible = 0;
			defaultConfigurationName = Release;
		};
		8C489A271D5E20FF00A9DDEE /* Build configuration list for PBXNativeTarget "FlappyBird" */ = {
			isa = XCConfigurationList;
			buildConfigurations = (
				8C489A281D5E20FF00A9DDEE /* Debug */,
				8C489A291D5E20FF00A9DDEE /* Release */,
			);
			defaultConfigurationIsVisible = 0;
			defaultConfigurationName = Release;
		};
/* End XCConfigurationList section */
	};
	rootObject = 8C489A0D1D5E20FF00A9DDEE /* Project object */;
}
